
Microsoft Visual Studio Solution File, Format Version 12.00
# Visual Studio 15
VisualStudioVersion = 15.0.26730.16
MinimumVisualStudioVersion = 10.0.40219.1
Project("{FAE04EC0-301F-11D3-BF4B-00C04F79EFBC}") = "AspFirst", "AspFirst\AspFirst.csproj", "{8BFC5B80-D8EC-4D1E-911B-0815D9D86B7B}"
EndProject
Global
	GlobalSection(SolutionConfigurationPlatforms) = preSolution
		Debug|Any CPU = Debug|Any CPU
		Release|Any CPU = Release|Any CPU
	EndGlobalSection
	GlobalSection(ProjectConfigurationPlatforms) = postSolution
		{8BFC5B80-D8EC-4D1E-911B-0815D9D86B7B}.Debug|Any CPU.ActiveCfg = Debug|Any CPU
		{8BFC5B80-D8EC-4D1E-911B-0815D9D86B7B}.Debug|Any CPU.Build.0 = Debug|Any CPU
		{8BFC5B80-D8EC-4D1E-911B-0815D9D86B7B}.Release|Any CPU.ActiveCfg = Release|Any CPU
		{8BFC5B80-D8EC-4D1E-911B-0815D9D86B7B}.Release|Any CPU.Build.0 = Release|Any CPU
	EndGlobalSection
	GlobalSection(SolutionProperties) = preSolution
		HideSolutionNode = FALSE
	EndGlobalSection
	GlobalSection(ExtensibilityGlobals) = postSolution
		SolutionGuid = {1AD19D86-B8DD-4AF3-AAA1-E578C7509613}
	EndGlobalSection
EndGlobal
